
Microsoft Visual Studio Solution File, Format Version 12.00
# Visual Studio Version 17
VisualStudioVersion = 17.11.35327.3
MinimumVisualStudioVersion = 10.0.40219.1
Project("{8BC9CEB8-8B4A-11D0-8D11-00A0C91BC942}") = "BlindEdr", "BlindEdr\BlindEdr.vcxproj", "{3D2758B4-90AE-430E-AB62-132977F16964}"
EndProject
Project("{8BC9CEB8-8B4A-11D0-8D11-00A0C91BC942}") = "CityHash-Calc", "CityHash-Calc\CityHash-Calc.vcxproj", "{5636B03E-D33B-49E6-9F00-F43689AC2E33}"
EndProject
Global
	GlobalSection(SolutionConfigurationPlatforms) = preSolution
		Debug|x64 = Debug|x64
		Debug|x86 = Debug|x86
		Release|x64 = Release|x64
		Release|x86 = Release|x86
	EndGlobalSection
	GlobalSection(ProjectConfigurationPlatforms) = postSolution
		{3D2758B4-90AE-430E-AB62-132977F16964}.Debug|x64.ActiveCfg = Debug|x64
		{3D2758B4-90AE-430E-AB62-132977F16964}.Debug|x64.Build.0 = Debug|x64
		{3D2758B4-90AE-430E-AB62-132977F16964}.Debug|x86.ActiveCfg = Debug|Win32
		{3D2758B4-90AE-430E-AB62-132977F16964}.Debug|x86.Build.0 = Debug|Win32
		{3D2758B4-90AE-430E-AB62-132977F16964}.Release|x64.ActiveCfg = Release|x64
		{3D2758B4-90AE-430E-AB62-132977F16964}.Release|x64.Build.0 = Release|x64
		{3D2758B4-90AE-430E-AB62-132977F16964}.Release|x86.ActiveCfg = Release|Win32
		{3D2758B4-90AE-430E-AB62-132977F16964}.Release|x86.Build.0 = Release|Win32
		{5636B03E-D33B-49E6-9F00-F43689AC2E33}.Debug|x64.ActiveCfg = Debug|x64
		{5636B03E-D33B-49E6-9F00-F43689AC2E33}.Debug|x64.Build.0 = Debug|x64
		{5636B03E-D33B-49E6-9F00-F43689AC2E33}.Debug|x86.ActiveCfg = Debug|Win32
		{5636B03E-D33B-49E6-9F00-F43689AC2E33}.Debug|x86.Build.0 = Debug|Win32
		{5636B03E-D33B-49E6-9F00-F43689AC2E33}.Release|x64.ActiveCfg = Release|x64
		{5636B03E-D33B-49E6-9F00-F43689AC2E33}.Release|x64.Build.0 = Release|x64
		{5636B03E-D33B-49E6-9F00-F43689AC2E33}.Release|x86.ActiveCfg = Release|Win32
		{5636B03E-D33B-49E6-9F00-F43689AC2E33}.Release|x86.Build.0 = Release|Win32
	EndGlobalSection
	GlobalSection(SolutionProperties) = preSolution
		HideSolutionNode = FALSE
	EndGlobalSection
	GlobalSection(ExtensibilityGlobals) = postSolution
		SolutionGuid = {0A21D58A-EFB5-424E-807C-F20390995E5F}
	EndGlobalSection
EndGlobal
